
Microsoft Visual Studio Solution File, Format Version 12.00
# Visual Studio 15
VisualStudioVersion = 15.0.28307.645
MinimumVisualStudioVersion = 10.0.40219.1
Project("{FAE04EC0-301F-11D3-BF4B-00C04F79EFBC}") = "UML", "UML\UML.csproj", "{F6116090-3B10-4796-9985-F8EB60F6740B}"
EndProject
Global
	GlobalSection(SolutionConfigurationPlatforms) = preSolution
		Debug|Any CPU = Debug|Any CPU
		Release|Any CPU = Release|Any CPU
	EndGlobalSection
	GlobalSection(ProjectConfigurationPlatforms) = postSolution
		{F6116090-3B10-4796-9985-F8EB60F6740B}.Debug|Any CPU.ActiveCfg = Debug|Any CPU
		{F6116090-3B10-4796-9985-F8EB60F6740B}.Debug|Any CPU.Build.0 = Debug|Any CPU
		{F6116090-3B10-4796-9985-F8EB60F6740B}.Release|Any CPU.ActiveCfg = Release|Any CPU
		{F6116090-3B10-4796-9985-F8EB60F6740B}.Release|Any CPU.Build.0 = Release|Any CPU
	EndGlobalSection
	GlobalSection(SolutionProperties) = preSolution
		HideSolutionNode = FALSE
	EndGlobalSection
	GlobalSection(ExtensibilityGlobals) = postSolution
		SolutionGuid = {72E5DAA1-F59A-4F9C-A105-41A915526E55}
	EndGlobalSection
EndGlobal
